<?xml version="1.0" encoding="utf-8"?>
<Project DefaultTargets="Build" ToolsVersion="4.0" xmlns="http://schemas.microsoft.com/developer/msbuild/2003">
  <ItemGroup>
    <Filter Include="源文件">
      <UniqueIdentifier>{fa9d5675-afb0-4fef-b44e-a35a29c5593f}</UniqueIdentifier>
      <Extensions>cpp;c;cc;cxx;def;odl;idl;hpj;bat;asm;asmx</Extensions>
    </Filter>
    <Filter Include="头文件">
      <UniqueIdentifier>{bfa25270-0d30-495a-a8b4-ceb725036bd2}</UniqueIdentifier>
      <Extensions>h;hpp;hxx;hm;inl;inc;xsd</Extensions>
    </Filter>
    <Filter Include="项目说明">
      <UniqueIdentifier>{1bdc765f-0017-4600-b649-2cac8aed07da}</UniqueIdentifier>
      <Extensions>txt</Extensions>
    </Filter>
    <Filter Include="源文件\::CMSIS">
      <UniqueIdentifier>{9d87696b-dddb-4b7a-8389-a9ceed121ba4}</UniqueIdentifier>
    </Filter>
    <Filter Include="源文件\Middlewares/FreeRTOS">
      <UniqueIdentifier>{611a24ac-5937-4fff-b175-5b50ff771416}</UniqueIdentifier>
    </Filter>
    <Filter Include="源文件\Drivers/CMSIS">
      <UniqueIdentifier>{b8bffe2d-024e-4e04-a4ed-4c7ed819eee3}</UniqueIdentifier>
    </Filter>
    <Filter Include="源文件\Application/User">
      <UniqueIdentifier>{1bd3d568-4f23-43bb-bbd3-5b143ab6f9c4}</UniqueIdentifier>
    </Filter>
    <Filter Include="源文件\Application/MDK-ARM">
      <UniqueIdentifier>{2804bd0c-0a7d-4087-b186-13ab1000eb9b}</UniqueIdentifier>
    </Filter>
    <Filter Include="源文件\Drivers/STM32F4xx_HAL_Driver">
      <UniqueIdentifier>{4cee32db-6a28-48a4-84df-6a8b08695c6f}</UniqueIdentifier>
    </Filter>
    <Filter Include="源文件\Application/DSP">
      <UniqueIdentifier>{cb4f8373-7efb-4064-97c2-0eebd701f3cd}</UniqueIdentifier>
    </Filter>
  </ItemGroup>
  <ItemGroup>
    <ClCompile Include="..\Middlewares\Third_Party\FreeRTOS\Source\event_groups.c">
      <Filter>源文件\Middlewares/FreeRTOS</Filter>
    </ClCompile>
    <ClCompile Include="..\Middlewares\Third_Party\FreeRTOS\Source\portable\RVDS\ARM_CM4F\port.c">
      <Filter>源文件\Middlewares/FreeRTOS</Filter>
    </ClCompile>
    <ClCompile Include="..\Middlewares\Third_Party\FreeRTOS\Source\timers.c">
      <Filter>源文件\Middlewares/FreeRTOS</Filter>
    </ClCompile>
    <ClCompile Include="..\Middlewares\Third_Party\FreeRTOS\Source\tasks.c">
      <Filter>源文件\Middlewares/FreeRTOS</Filter>
    </ClCompile>
    <ClCompile Include="..\Middlewares\Third_Party\FreeRTOS\Source\croutine.c">
      <Filter>源文件\Middlewares/FreeRTOS</Filter>
    </ClCompile>
    <ClCompile Include="..\Middlewares\Third_Party\FreeRTOS\Source\CMSIS_RTOS\cmsis_os.c">
      <Filter>源文件\Middlewares/FreeRTOS</Filter>
    </ClCompile>
    <ClCompile Include="..\Middlewares\Third_Party\FreeRTOS\Source\portable\MemMang\heap_4.c">
      <Filter>源文件\Middlewares/FreeRTOS</Filter>
    </ClCompile>
    <ClCompile Include="..\Middlewares\Third_Party\FreeRTOS\Source\list.c">
      <Filter>源文件\Middlewares/FreeRTOS</Filter>
    </ClCompile>
    <ClCompile Include="..\Middlewares\Third_Party\FreeRTOS\Source\queue.c">
      <Filter>源文件\Middlewares/FreeRTOS</Filter>
    </ClCompile>
    <ClCompile Include="..\Drivers\CMSIS\\Device\ST\STM32F4xx\Source\Templates\system_stm32f4xx.c">
      <Filter>源文件\Drivers/CMSIS</Filter>
    </ClCompile>
    <ClCompile Include="..\Src\main.c">
      <Filter>源文件\Application/User</Filter>
    </ClCompile>
    <ClCompile Include="..\Src\stm32f4xx_hal_msp.c">
      <Filter>源文件\Application/User</Filter>
    </ClCompile>
    <ClCompile Include="..\Src\freertos.c">
      <Filter>源文件\Application/User</Filter>
    </ClCompile>
    <ClCompile Include="..\Src\stm32f4xx_it.c">
      <Filter>源文件\Application/User</Filter>
    </ClCompile>
    <ClCompile Include="..\Src\BSP.c">
      <Filter>源文件\Application/User</Filter>
    </ClCompile>
    <ClCompile Include="..\Src\JSON.c">
      <Filter>源文件\Application/User</Filter>
    </ClCompile>
    <ClCompile Include="..\Drivers\STM32F4xx_HAL_Driver\Src\stm32f4xx_hal_i2c.c">
      <Filter>源文件\Drivers/STM32F4xx_HAL_Driver</Filter>
    </ClCompile>
    <ClCompile Include="..\Drivers\STM32F4xx_HAL_Driver\Src\stm32f4xx_hal_i2s_ex.c">
      <Filter>源文件\Drivers/STM32F4xx_HAL_Driver</Filter>
    </ClCompile>
    <ClCompile Include="..\Drivers\STM32F4xx_HAL_Driver\Src\stm32f4xx_hal_rcc_ex.c">
      <Filter>源文件\Drivers/STM32F4xx_HAL_Driver</Filter>
    </ClCompile>
    <ClCompile Include="..\Drivers\STM32F4xx_HAL_Driver\Src\stm32f4xx_hal_rcc.c">
      <Filter>源文件\Drivers/STM32F4xx_HAL_Driver</Filter>
    </ClCompile>
    <ClCompile Include="..\Drivers\STM32F4xx_HAL_Driver\Src\stm32f4xx_hal_uart.c">
      <Filter>源文件\Drivers/STM32F4xx_HAL_Driver</Filter>
    </ClCompile>
    <ClCompile Include="..\Drivers\STM32F4xx_HAL_Driver\Src\stm32f4xx_hal_spi.c">
      <Filter>源文件\Drivers/STM32F4xx_HAL_Driver</Filter>
    </ClCompile>
    <ClCompile Include="..\Drivers\STM32F4xx_HAL_Driver\Src\stm32f4xx_hal_tim.c">
      <Filter>源文件\Drivers/STM32F4xx_HAL_Driver</Filter>
    </ClCompile>
    <ClCompile Include="..\Drivers\STM32F4xx_HAL_Driver\Src\stm32f4xx_hal_flash_ramfunc.c">
      <Filter>源文件\Drivers/STM32F4xx_HAL_Driver</Filter>
    </ClCompile>
    <ClCompile Include="..\Drivers\STM32F4xx_HAL_Driver\Src\stm32f4xx_hal_dma.c">
      <Filter>源文件\Drivers/STM32F4xx_HAL_Driver</Filter>
    </ClCompile>
    <ClCompile Include="..\Drivers\STM32F4xx_HAL_Driver\Src\stm32f4xx_hal_cortex.c">
      <Filter>源文件\Drivers/STM32F4xx_HAL_Driver</Filter>
    </ClCompile>
    <ClCompile Include="..\Drivers\STM32F4xx_HAL_Driver\Src\stm32f4xx_hal_flash.c">
      <Filter>源文件\Drivers/STM32F4xx_HAL_Driver</Filter>
    </ClCompile>
    <ClCompile Include="..\Drivers\STM32F4xx_HAL_Driver\Src\stm32f4xx_hal_pwr.c">
      <Filter>源文件\Drivers/STM32F4xx_HAL_Driver</Filter>
    </ClCompile>
    <ClCompile Include="..\Drivers\STM32F4xx_HAL_Driver\Src\stm32f4xx_hal.c">
      <Filter>源文件\Drivers/STM32F4xx_HAL_Driver</Filter>
    </ClCompile>
    <ClCompile Include="..\Drivers\STM32F4xx_HAL_Driver\Src\stm32f4xx_hal_pwr_ex.c">
      <Filter>源文件\Drivers/STM32F4xx_HAL_Driver</Filter>
    </ClCompile>
    <ClCompile Include="..\Drivers\STM32F4xx_HAL_Driver\Src\stm32f4xx_hal_gpio.c">
      <Filter>源文件\Drivers/STM32F4xx_HAL_Driver</Filter>
    </ClCompile>
    <ClCompile Include="..\Drivers\STM32F4xx_HAL_Driver\Src\stm32f4xx_hal_i2c_ex.c">
      <Filter>源文件\Drivers/STM32F4xx_HAL_Driver</Filter>
    </ClCompile>
    <ClCompile Include="..\Drivers\STM32F4xx_HAL_Driver\Src\stm32f4xx_hal_tim_ex.c">
      <Filter>源文件\Drivers/STM32F4xx_HAL_Driver</Filter>
    </ClCompile>
    <ClCompile Include="..\Drivers\STM32F4xx_HAL_Driver\Src\stm32f4xx_hal_flash_ex.c">
      <Filter>源文件\Drivers/STM32F4xx_HAL_Driver</Filter>
    </ClCompile>
    <ClCompile Include="..\Drivers\STM32F4xx_HAL_Driver\Src\stm32f4xx_hal_dma_ex.c">
      <Filter>源文件\Drivers/STM32F4xx_HAL_Driver</Filter>
    </ClCompile>
    <ClCompile Include="..\Drivers\STM32F4xx_HAL_Driver\Src\stm32f4xx_hal_i2s.c">
      <Filter>源文件\Drivers/STM32F4xx_HAL_Driver</Filter>
    </ClCompile>
    <ClCompile Include="..\Drivers\CMSIS\DSP_Lib\Source\MatrixFunctions\arm_mat_mult_f32.c">
      <Filter>源文件\Application/DSP</Filter>
    </ClCompile>
    <ClCompile Include="..\Drivers\CMSIS\DSP_Lib\Source\FilteringFunctions\arm_biquad_cascade_df1_init_f32.c">
      <Filter>源文件\Application/DSP</Filter>
    </ClCompile>
    <ClCompile Include="..\Drivers\CMSIS\DSP_Lib\Source\FilteringFunctions\arm_biquad_cascade_df1_f32.c">
      <Filter>源文件\Application/DSP</Filter>
    </ClCompile>
    <ClCompile Include="..\Drivers\CMSIS\DSP_Lib\Source\FilteringFunctions\arm_fir_init_f32.c">
      <Filter>源文件\Application/DSP</Filter>
    </ClCompile>
    <ClCompile Include="..\Drivers\CMSIS\DSP_Lib\Source\FilteringFunctions\arm_fir_f32.c">
      <Filter>源文件\Application/DSP</Filter>
    </ClCompile>
    <ClCompile Include="..\Src\DSP.c">
      <Filter>源文件\Application/DSP</Filter>
    </ClCompile>
    <ClCompile Include="..\Drivers\CMSIS\DSP_Lib\Source\BasicMathFunctions\arm_mult_f32.c">
      <Filter>源文件\Application/DSP</Filter>
    </ClCompile>
  </ItemGroup>
  <ItemGroup>
    <None Include="..\MDK-ARM\startup_stm32f411xe.s">
      <Filter>源文件\Application/MDK-ARM</Filter>
    </None>
    <None Include="Readme.txt">
      <Filter>项目说明</Filter>
    </None>
  </ItemGroup>
</Project>