#MicroXplorer Configuration settings - do not modify
Mcu.Family=STM32F4
Dma.USART6_TX.3.MemInc=DMA_MINC_ENABLE
ProjectManager.MainLocation=Src
Dma.I2S3_EXT_RX.4.FIFOMode=DMA_FIFOMODE_DISABLE
Dma.I2S3_EXT_RX.4.Priority=DMA_PRIORITY_LOW
Dma.I2S3_EXT_RX.4.PeriphDataAlignment=DMA_PDATAALIGN_HALFWORD
RCC.CortexFreq_Value=100000000
Dma.USART6_TX.3.PeriphInc=DMA_PINC_DISABLE
ProjectManager.KeepUserCode=true
Mcu.UserName=STM32F411CEUx
Dma.USART6_RX.2.Direction=DMA_PERIPH_TO_MEMORY
RCC.PLLCLKFreq_Value=100000000
RCC.PLLQCLKFreq_Value=50000000
I2S3.IPParameters=Instance,VirtualMode,FullDuplexMode,RealAudioFreq,ErrorAudioFreq,Mode,AudioFreq,Standard
ProjectManager.functionlistsort=1-MX_GPIO_Init-GPIO-false-HAL-true,2-MX_DMA_Init-DMA-false-HAL-true,3-SystemClock_Config-RCC-false-HAL-false,4-MX_I2C1_Init-I2C1-false-HAL-true,5-MX_I2S3_Init-I2S3-false-HAL-true,6-MX_SPI2_Init-SPI2-false-HAL-true,7-MX_USART1_UART_Init-USART1-false-HAL-true,8-MX_USART6_UART_Init-USART6-false-HAL-true,9-MX_TIM2_Init-TIM2-false-HAL-true
PA11.Mode=Asynchronous
RCC.RTCFreq_Value=32000
Dma.SPI3_TX.5.PeriphInc=DMA_PINC_DISABLE
USART1.IPParameters=VirtualMode
Dma.I2S3_EXT_RX.4.Mode=DMA_CIRCULAR
Dma.USART6_RX.2.MemDataAlignment=DMA_MDATAALIGN_BYTE
PinOutPanel.RotationAngle=0
PB3.GPIO_Speed=GPIO_SPEED_FREQ_HIGH
RCC.SYSCLKSource=RCC_SYSCLKSOURCE_PLLCLK
ProjectManager.StackSize=0x400
Dma.USART6_TX.3.PeriphDataAlignment=DMA_PDATAALIGN_BYTE
Mcu.IP4=NVIC
Mcu.IP5=RCC
RCC.FCLKCortexFreq_Value=100000000
Mcu.IP2=I2C1
NVIC.SVCall_IRQn=true\:0\:0\:false\:false\:false\:false\:true\:false
Mcu.IP3=I2S3
Mcu.IP0=DMA
FREERTOS.configENABLE_FPU=1
Dma.USART1_TX.0.Priority=DMA_PRIORITY_LOW
Mcu.IP1=FREERTOS
PA12.Signal=USART6_RX
Dma.USART1_TX.0.Direction=DMA_MEMORY_TO_PERIPH
Mcu.UserConstants=
PH0\ -\ OSC_IN.Signal=RCC_OSC_IN
Dma.USART6_TX.3.Priority=DMA_PRIORITY_LOW
TIM2.Pulse-PWM\ Generation3\ CH3=12
Mcu.ThirdPartyNb=0
Dma.SPI3_TX.5.Priority=DMA_PRIORITY_LOW
RCC.HCLKFreq_Value=100000000
Mcu.IPNb=10
I2S3.Mode=I2S_MODE_SLAVE_TX
RCC.I2SClocksFreq_Value=192000000
TIM2.IPParameters=Channel-PWM Generation3 CH3,Period,Pulse-PWM Generation3 CH3
ProjectManager.PreviousToolchain=
RCC.APB2TimFreq_Value=100000000
RCC.VcooutputI2S=192000000
Dma.USART6_RX.2.Instance=DMA2_Stream1
Mcu.Pin6=PA11
Mcu.Pin7=PA12
VP_TIM2_VS_ClockSourceINT.Signal=TIM2_VS_ClockSourceINT
Mcu.Pin8=PA13
Mcu.Pin9=PA14
FREERTOS.IPParameters=Tasks01,FootprintOK,configENABLE_FPU
Dma.USART1_RX.1.MemInc=DMA_MINC_ENABLE
RCC.AHBFreq_Value=100000000
Mcu.Pin0=PC15-OSC32_OUT
Mcu.Pin1=PH0 - OSC_IN
Mcu.Pin2=PH1 - OSC_OUT
Mcu.Pin3=PB10
Mcu.Pin4=PA9
Mcu.Pin5=PA10
ProjectManager.ProjectBuild=false
RCC.HSE_VALUE=8000000
Dma.USART1_RX.1.PeriphDataAlignment=DMA_PDATAALIGN_BYTE
NVIC.UsageFault_IRQn=true\:0\:0\:false\:false\:false\:false\:true\:false
NVIC.DebugMonitor_IRQn=true\:0\:0\:false\:false\:false\:false\:true\:false
PB3.Mode=Full_Duplex_Slave
PA15.Mode=Full_Duplex_Slave
NVIC.SysTick_IRQn=true\:15\:0\:false\:false\:false\:true\:true\:false
Dma.USART6_RX.2.Priority=DMA_PRIORITY_LOW
ProjectManager.FirmwarePackage=STM32Cube FW_F4 V1.25.0
MxDb.Version=DB.6.0.0
I2S3.ErrorAudioFreq=0.8 %
PB4.Mode=Full_Duplex_Slave
ProjectManager.BackupPrevious=false
RCC.VCOInputFreq_Value=2000000
PA14.Mode=Serial_Wire
PB5.Mode=Full_Duplex_Slave
File.Version=6
Dma.SPI3_TX.5.Instance=DMA1_Stream5
PB3.GPIOParameters=GPIO_Speed
PB8.Locked=true
NVIC.PendSV_IRQn=true\:15\:0\:false\:false\:false\:true\:true\:false
VP_FREERTOS_VS_CMSIS_V1.Mode=CMSIS_V1
Dma.USART1_TX.0.PeriphDataAlignment=DMA_PDATAALIGN_BYTE
Dma.RequestsNb=6
ProjectManager.HalAssertFull=false
ProjectManager.ProjectName=rtos
Dma.USART1_RX.1.Mode=DMA_CIRCULAR
Mcu.Package=UFQFPN48
PB9.Signal=I2C1_SDA
NVIC.DMA2_Stream7_IRQn=true\:0\:0\:false\:false\:true\:true\:true\:true
NVIC.TimeBase=TIM1_BRK_TIM9_IRQn
USART6.VirtualMode=VM_ASYNC
ProjectManager.ToolChainLocation=
RCC.LSI_VALUE=32000
NVIC.TimeBaseIP=TIM9
PA10.Signal=USART1_RX
FREERTOS.FootprintOK=true
PA15.Signal=I2S3_WS
Dma.USART1_TX.0.Instance=DMA2_Stream7
Dma.USART1_TX.0.FIFOMode=DMA_FIFOMODE_DISABLE
Dma.USART1_RX.1.PeriphInc=DMA_PINC_DISABLE
NVIC.DMA2_Stream2_IRQn=true\:0\:0\:false\:false\:true\:true\:true\:true
Dma.USART6_TX.3.MemDataAlignment=DMA_MDATAALIGN_BYTE
Dma.Request2=USART6_RX
Dma.Request1=USART1_RX
RCC.APB1TimFreq_Value=50000000
Dma.Request4=I2S3_EXT_RX
Dma.Request3=USART6_TX
NVIC.BusFault_IRQn=true\:0\:0\:false\:false\:false\:false\:true\:false
Dma.Request5=SPI3_TX
NVIC.DMA1_Stream0_IRQn=true\:0\:0\:false\:false\:true\:true\:true\:true
Dma.USART1_RX.1.Priority=DMA_PRIORITY_LOW
Dma.I2S3_EXT_RX.4.Direction=DMA_PERIPH_TO_MEMORY
Dma.Request0=USART1_TX
ProjectManager.CustomerFirmwarePackage=
Dma.SPI3_TX.5.FIFOMode=DMA_FIFOMODE_DISABLE
PB3.Locked=true
PB4.Signal=I2S3_ext_SD
RCC.PLLSourceVirtual=RCC_PLLSOURCE_HSE
Dma.SPI3_TX.5.MemInc=DMA_MINC_ENABLE
Dma.USART1_RX.1.Instance=DMA2_Stream2
I2S3.FullDuplexMode=I2S_FULLDUPLEXMODE_ENABLE
ProjectManager.ProjectFileName=rtos.ioc
Dma.USART1_RX.1.MemDataAlignment=DMA_MDATAALIGN_BYTE
FREERTOS.Tasks01=defaultTask,-3,128,StartDefaultTask,Default,NULL,Dynamic,NULL,NULL;myTask02,0,512,SysTask,Default,NULL,Dynamic,NULL,NULL
Dma.USART1_TX.0.MemInc=DMA_MINC_ENABLE
Dma.USART1_TX.0.PeriphInc=DMA_PINC_DISABLE
PA10.Mode=Asynchronous
PA15.GPIOParameters=GPIO_Speed
Mcu.PinsNb=19
ProjectManager.NoMain=false
I2S3.Standard=I2S_STANDARD_MSB
USART6.IPParameters=VirtualMode
NVIC.SavedSvcallIrqHandlerGenerated=true
PH1\ -\ OSC_OUT.Mode=HSE-External-Oscillator
ProjectManager.DefaultFWLocation=true
Dma.SPI3_TX.5.MemDataAlignment=DMA_MDATAALIGN_HALFWORD
NVIC.DMA2_Stream1_IRQn=true\:0\:0\:false\:false\:true\:true\:false\:true
ProjectManager.DeletePrevious=true
RCC.APB1CLKDivider=RCC_HCLK_DIV4
PB10.Locked=true
Dma.SPI3_TX.5.Mode=DMA_CIRCULAR
Dma.USART6_TX.3.Mode=DMA_NORMAL
RCC.FamilyName=M
Dma.SPI3_TX.5.Direction=DMA_MEMORY_TO_PERIPH
VP_SYS_VS_tim9.Mode=TIM9
PA13.Signal=SYS_JTMS-SWDIO
VP_FREERTOS_VS_CMSIS_V1.Signal=FREERTOS_VS_CMSIS_V1
PA9.Mode=Asynchronous
PA15.Locked=true
PH0\ -\ OSC_IN.Mode=HSE-External-Oscillator
PC15-OSC32_OUT.Locked=true
Dma.USART6_RX.2.RequestParameters=Instance,Direction,PeriphInc,MemInc,PeriphDataAlignment,MemDataAlignment,Mode,Priority,FIFOMode
ProjectManager.TargetToolchain=Makefile
Dma.USART1_RX.1.RequestParameters=Instance,Direction,PeriphInc,MemInc,PeriphDataAlignment,MemDataAlignment,Mode,Priority,FIFOMode
NVIC.DMA1_Stream5_IRQn=true\:0\:0\:false\:false\:true\:true\:false\:true
Dma.USART6_RX.2.MemInc=DMA_MINC_ENABLE
PB9.Mode=I2C
PA9.Signal=USART1_TX
PB9.Locked=true
I2S3.VirtualMode=I2S_MODE_SLAVE
Dma.USART1_TX.0.RequestParameters=Instance,Direction,PeriphInc,MemInc,PeriphDataAlignment,MemDataAlignment,Mode,Priority,FIFOMode
Dma.USART6_RX.2.PeriphDataAlignment=DMA_PDATAALIGN_BYTE
RCC.VCOInputMFreq_Value=2000000
ProjectManager.RegisterCallBack=
NVIC.DMA2_Stream6_IRQn=true\:0\:0\:false\:false\:true\:true\:false\:true
RCC.LSE_VALUE=32768
PC15-OSC32_OUT.Signal=GPIO_Input
PB10.Signal=S_TIM2_CH3
RCC.VCOI2SOutputFreq_Value=384000000
I2S3.AudioFreq=I2S_AUDIOFREQ_192K
Dma.USART1_RX.1.FIFOMode=DMA_FIFOMODE_DISABLE
Dma.USART6_TX.3.Direction=DMA_MEMORY_TO_PERIPH
PH1\ -\ OSC_OUT.Signal=RCC_OSC_OUT
Dma.USART1_TX.0.Mode=DMA_NORMAL
board=ZLCR_BETA_REV.C
VP_SYS_VS_tim9.Signal=SYS_VS_tim9
RCC.VCOOutputFreq_Value=200000000
ProjectManager.LastFirmware=true
Dma.USART6_TX.3.RequestParameters=Instance,Direction,PeriphInc,MemInc,PeriphDataAlignment,MemDataAlignment,Mode,Priority,FIFOMode
Dma.USART6_RX.2.FIFOMode=DMA_FIFOMODE_DISABLE
Dma.SPI3_TX.5.RequestParameters=Instance,Direction,PeriphInc,MemInc,PeriphDataAlignment,MemDataAlignment,Mode,Priority,FIFOMode
Dma.USART6_RX.2.Mode=DMA_CIRCULAR
NVIC.SavedSystickIrqHandlerGenerated=true
RCC.APB2Freq_Value=100000000
MxCube.Version=6.0.0
VP_TIM2_VS_ClockSourceINT.Mode=Internal
SH.S_TIM2_CH3.0=TIM2_CH3,PWM Generation3 CH3
RCC.EthernetFreq_Value=100000000
TIM2.Channel-PWM\ Generation3\ CH3=TIM_CHANNEL_3
NVIC.NonMaskableInt_IRQn=true\:0\:0\:false\:false\:false\:false\:true\:false
SH.S_TIM2_CH3.ConfNb=1
TIM2.Period=24
PA13.Mode=Serial_Wire
ProjectManager.FreePins=false
Dma.I2S3_EXT_RX.4.RequestParameters=Instance,Direction,PeriphInc,MemInc,PeriphDataAlignment,MemDataAlignment,Mode,Priority,FIFOMode
RCC.IPParameters=48MHZClocksFreq_Value,AHBFreq_Value,APB1CLKDivider,APB1Freq_Value,APB1TimFreq_Value,APB2Freq_Value,APB2TimFreq_Value,CortexFreq_Value,EthernetFreq_Value,FCLKCortexFreq_Value,FamilyName,HCLKFreq_Value,HSE_VALUE,HSI_VALUE,I2SClocksFreq_Value,LSE_VALUE,LSI_VALUE,PLLCLKFreq_Value,PLLI2SM,PLLM,PLLN,PLLQCLKFreq_Value,PLLSourceVirtual,RTCFreq_Value,RTCHSEDivFreq_Value,SYSCLKFreq_VALUE,SYSCLKSource,VCOI2SOutputFreq_Value,VCOInputFreq_Value,VCOInputMFreq_Value,VCOOutputFreq_Value,VcooutputI2S
ProjectManager.AskForMigrate=true
Mcu.Name=STM32F411C(C-E)Ux
Dma.SPI3_TX.5.PeriphDataAlignment=DMA_PDATAALIGN_HALFWORD
NVIC.TIM1_BRK_TIM9_IRQn=true\:0\:0\:false\:false\:true\:false\:false\:true
NVIC.SavedPendsvIrqHandlerGenerated=true
RCC.RTCHSEDivFreq_Value=4000000
ProjectManager.UnderRoot=false
Mcu.IP8=USART1
Mcu.IP9=USART6
Mcu.IP6=SYS
Mcu.IP7=TIM2
ProjectManager.CoupleFile=false
RCC.48MHZClocksFreq_Value=50000000
PB3.Signal=I2S3_CK
RCC.SYSCLKFreq_VALUE=100000000
PB5.Signal=I2S3_SD
PA12.Mode=Asynchronous
NVIC.ForceEnableDMAVector=true
KeepUserPlacement=false
Dma.I2S3_EXT_RX.4.MemDataAlignment=DMA_MDATAALIGN_HALFWORD
NVIC.MemoryManagement_IRQn=true\:0\:0\:false\:false\:false\:false\:true\:false
USART1.VirtualMode=VM_ASYNC
ProjectManager.CompilerOptimize=2
PA15.GPIO_Speed=GPIO_SPEED_FREQ_HIGH
PA11.Signal=USART6_TX
Dma.USART1_TX.0.MemDataAlignment=DMA_MDATAALIGN_BYTE
PA14.Signal=SYS_JTCK-SWCLK
ProjectManager.HeapSize=0x200
Mcu.Pin15=PB9
Dma.I2S3_EXT_RX.4.PeriphInc=DMA_PINC_DISABLE
NVIC.HardFault_IRQn=true\:0\:0\:false\:false\:false\:false\:true\:false
Mcu.Pin16=VP_FREERTOS_VS_CMSIS_V1
Dma.I2S3_EXT_RX.4.MemInc=DMA_MINC_ENABLE
Mcu.Pin13=PB5
Mcu.Pin14=PB8
Dma.USART6_TX.3.FIFOMode=DMA_FIFOMODE_DISABLE
Dma.USART6_TX.3.Instance=DMA2_Stream6
ProjectManager.ComputerToolchain=false
Mcu.Pin17=VP_SYS_VS_tim9
RCC.HSI_VALUE=16000000
Mcu.Pin18=VP_TIM2_VS_ClockSourceINT
NVIC.PriorityGroup=NVIC_PRIORITYGROUP_4
Mcu.Pin11=PB3
I2S3.RealAudioFreq=193.548 KHz
Mcu.Pin12=PB4
RCC.PLLM=4
PB8.Mode=I2C
RCC.PLLN=100
Mcu.Pin10=PA15
PB8.Signal=I2C1_SCL
Dma.I2S3_EXT_RX.4.Instance=DMA1_Stream0
Dma.USART1_RX.1.Direction=DMA_PERIPH_TO_MEMORY
I2S3.Instance=SPI$Index
Dma.USART6_RX.2.PeriphInc=DMA_PINC_DISABLE
RCC.APB1Freq_Value=25000000
ProjectManager.DeviceId=STM32F411CEUx
ProjectManager.LibraryCopy=2
RCC.PLLI2SM=4
